// !$*UTF8*$!
{
	archiveVersion = 1;
	classes = {
	};
	objectVersion = 50;
	objects = {

/* Begin PBXBuildFile section */
		047E832220FA3D2400EDD4B0 /* Localizable.strings in Resources */ = {isa = PBXBuildFile; fileRef = 047E832420FA3D2400EDD4B0 /* Localizable.strings */; };
		2407286620B313EE00E704B8 /* AppDelegate.swift in Sources */ = {isa = PBXBuildFile; fileRef = 2407286520B313EE00E704B8 /* AppDelegate.swift */; };
		2407286820B313EE00E704B8 /* ViewController.swift in Sources */ = {isa = PBXBuildFile; fileRef = 2407286720B313EE00E704B8 /* ViewController.swift */; };
		2407286A20B313F000E704B8 /* Assets.xcassets in Resources */ = {isa = PBXBuildFile; fileRef = 2407286920B313F000E704B8 /* Assets.xcassets */; };
		2407286D20B313F000E704B8 /* Main.storyboard in Resources */ = {isa = PBXBuildFile; fileRef = 2407286B20B313F000E704B8 /* Main.storyboard */; };
		2407287720B34D5500E704B8 /* MainWindowController.swift in Sources */ = {isa = PBXBuildFile; fileRef = 2407287620B34D5500E704B8 /* MainWindowController.swift */; };
		CD181F4A21407A9000D58033 /* UserDefaultsManager.swift in Sources */ = {isa = PBXBuildFile; fileRef = CD181F4921407A9000D58033 /* UserDefaultsManager.swift */; };
		CDF981C92139FB6500EBC90E /* FileTypeEnum.swift in Sources */ = {isa = PBXBuildFile; fileRef = CDF981C82139FB6500EBC90E /* FileTypeEnum.swift */; };
/* End PBXBuildFile section */

/* Begin PBXFileReference section */
		047E831F20FA3A7D00EDD4B0 /* tr */ = {isa = PBXFileReference; lastKnownFileType = text.plist.strings; name = tr; path = tr.lproj/Main.strings; sourceTree = "<group>"; };
		047E832320FA3D2400EDD4B0 /* en */ = {isa = PBXFileReference; lastKnownFileType = text.plist.strings; name = en; path = en.lproj/Localizable.strings; sourceTree = "<group>"; };
		047E832520FA3D2800EDD4B0 /* tr */ = {isa = PBXFileReference; lastKnownFileType = text.plist.strings; name = tr; path = tr.lproj/Localizable.strings; sourceTree = "<group>"; };
		2407286220B313EE00E704B8 /* JPG to HEIF Converter.app */ = {isa = PBXFileReference; explicitFileType = wrapper.application; includeInIndex = 0; path = "JPG to HEIF Converter.app"; sourceTree = BUILT_PRODUCTS_DIR; };
		2407286520B313EE00E704B8 /* AppDelegate.swift */ = {isa = PBXFileReference; lastKnownFileType = sourcecode.swift; path = AppDelegate.swift; sourceTree = "<group>"; };
		2407286720B313EE00E704B8 /* ViewController.swift */ = {isa = PBXFileReference; lastKnownFileType = sourcecode.swift; path = ViewController.swift; sourceTree = "<group>"; };
		2407286920B313F000E704B8 /* Assets.xcassets */ = {isa = PBXFileReference; lastKnownFileType = folder.assetcatalog; path = Assets.xcassets; sourceTree = "<group>"; };
		2407286C20B313F000E704B8 /* Base */ = {isa = PBXFileReference; lastKnownFileType = file.storyboard; name = Base; path = Base.lproj/Main.storyboard; sourceTree = "<group>"; };
		2407286E20B313F000E704B8 /* Info.plist */ = {isa = PBXFileReference; lastKnownFileType = text.plist.xml; path = Info.plist; sourceTree = "<group>"; };
		2407286F20B313F000E704B8 /* JPG_to_HEIF_Converter.entitlements */ = {isa = PBXFileReference; lastKnownFileType = text.plist.entitlements; path = JPG_to_HEIF_Converter.entitlements; sourceTree = "<group>"; };
		2407287520B31FF300E704B8 /* JPG to HEIF Converter.entitlements */ = {isa = PBXFileReference; lastKnownFileType = text.plist.entitlements; path = "JPG to HEIF Converter.entitlements"; sourceTree = "<group>"; };
		2407287620B34D5500E704B8 /* MainWindowController.swift */ = {isa = PBXFileReference; lastKnownFileType = sourcecode.swift; path = MainWindowController.swift; sourceTree = "<group>"; };
		CD181F4921407A9000D58033 /* UserDefaultsManager.swift */ = {isa = PBXFileReference; lastKnownFileType = sourcecode.swift; path = UserDefaultsManager.swift; sourceTree = "<group>"; };
		CDF981C82139FB6500EBC90E /* FileTypeEnum.swift */ = {isa = PBXFileReference; lastKnownFileType = sourcecode.swift; path = FileTypeEnum.swift; sourceTree = "<group>"; };
/* End PBXFileReference section */

/* Begin PBXFrameworksBuildPhase section */
		2407285F20B313EE00E704B8 /* Frameworks */ = {
			isa = PBXFrameworksBuildPhase;
			buildActionMask = 2147483647;
			files = (
			);
			runOnlyForDeploymentPostprocessing = 0;
		};
/* End PBXFrameworksBuildPhase section */

/* Begin PBXGroup section */
		2407285920B313EE00E704B8 = {
			isa = PBXGroup;
			children = (
				2407286420B313EE00E704B8 /* JPG to HEIF Converter */,
				2407286320B313EE00E704B8 /* Products */,
			);
			sourceTree = "<group>";
		};
		2407286320B313EE00E704B8 /* Products */ = {
			isa = PBXGroup;
			children = (
				2407286220B313EE00E704B8 /* JPG to HEIF Converter.app */,
			);
			name = Products;
			sourceTree = "<group>";
		};
		2407286420B313EE00E704B8 /* JPG to HEIF Converter */ = {
			isa = PBXGroup;
			children = (
				2407287520B31FF300E704B8 /* JPG to HEIF Converter.entitlements */,
				2407286520B313EE00E704B8 /* AppDelegate.swift */,
				2407287620B34D5500E704B8 /* MainWindowController.swift */,
				2407286720B313EE00E704B8 /* ViewController.swift */,
				CDF981C82139FB6500EBC90E /* FileTypeEnum.swift */,
				CD181F4921407A9000D58033 /* UserDefaultsManager.swift */,
				2407286920B313F000E704B8 /* Assets.xcassets */,
				2407286B20B313F000E704B8 /* Main.storyboard */,
				2407286E20B313F000E704B8 /* Info.plist */,
				2407286F20B313F000E704B8 /* JPG_to_HEIF_Converter.entitlements */,
				047E832420FA3D2400EDD4B0 /* Localizable.strings */,
			);
			path = "JPG to HEIF Converter";
			sourceTree = "<group>";
		};
/* End PBXGroup section */

/* Begin PBXNativeTarget section */
		2407286120B313EE00E704B8 /* JPG to HEIF Converter */ = {
			isa = PBXNativeTarget;
			buildConfigurationList = 2407287220B313F000E704B8 /* Build configuration list for PBXNativeTarget "JPG to HEIF Converter" */;
			buildPhases = (
				2407285E20B313EE00E704B8 /* Sources */,
				2407285F20B313EE00E704B8 /* Frameworks */,
				2407286020B313EE00E704B8 /* Resources */,
			);
			buildRules = (
			);
			dependencies = (
			);
			name = "JPG to HEIF Converter";
			productName = "JPG to HEIF Converter";
			productReference = 2407286220B313EE00E704B8 /* JPG to HEIF Converter.app */;
			productType = "com.apple.product-type.application";
		};
/* End PBXNativeTarget section */

/* Begin PBXProject section */
		2407285A20B313EE00E704B8 /* Project object */ = {
			isa = PBXProject;
			attributes = {
				LastSwiftUpdateCheck = 0930;
				LastUpgradeCheck = 0930;
				ORGANIZATIONNAME = "Sergey Armodin";
				TargetAttributes = {
					2407286120B313EE00E704B8 = {
						CreatedOnToolsVersion = 9.3.1;
						LastSwiftMigration = 1010;
						SystemCapabilities = {
							com.apple.Sandbox = {
								enabled = 0;
							};
						};
					};
				};
			};
			buildConfigurationList = 2407285D20B313EE00E704B8 /* Build configuration list for PBXProject "JPG to HEIF Converter" */;
			compatibilityVersion = "Xcode 9.3";
			developmentRegion = en;
			hasScannedForEncodings = 0;
			knownRegions = (
				en,
				Base,
				tr,
			);
			mainGroup = 2407285920B313EE00E704B8;
			productRefGroup = 2407286320B313EE00E704B8 /* Products */;
			projectDirPath = "";
			projectRoot = "";
			targets = (
				2407286120B313EE00E704B8 /* JPG to HEIF Converter */,
			);
		};
/* End PBXProject section */

/* Begin PBXResourcesBuildPhase section */
		2407286020B313EE00E704B8 /* Resources */ = {
			isa = PBXResourcesBuildPhase;
			buildActionMask = 2147483647;
			files = (
				2407286A20B313F000E704B8 /* Assets.xcassets in Resources */,
				047E832220FA3D2400EDD4B0 /* Localizable.strings in Resources */,
				2407286D20B313F000E704B8 /* Main.storyboard in Resources */,
			);
			runOnlyForDeploymentPostprocessing = 0;
		};
/* End PBXResourcesBuildPhase section */

/* Begin PBXSourcesBuildPhase section */
		2407285E20B313EE00E704B8 /* Sources */ = {
			isa = PBXSourcesBuildPhase;
			buildActionMask = 2147483647;
			files = (
				CDF981C92139FB6500EBC90E /* FileTypeEnum.swift in Sources */,
				CD181F4A21407A9000D58033 /* UserDefaultsManager.swift in Sources */,
				2407286820B313EE00E704B8 /* ViewController.swift in Sources */,
				2407286620B313EE00E704B8 /* AppDelegate.swift in Sources */,
				2407287720B34D5500E704B8 /* MainWindowController.swift in Sources */,
			);
			runOnlyForDeploymentPostprocessing = 0;
		};
/* End PBXSourcesBuildPhase section */

/* Begin PBXVariantGroup section */
		047E832420FA3D2400EDD4B0 /* Localizable.strings */ = {
			isa = PBXVariantGroup;
			children = (
				047E832320FA3D2400EDD4B0 /* en */,
				047E832520FA3D2800EDD4B0 /* tr */,
			);
			name = Localizable.strings;
			sourceTree = "<group>";
		};
		2407286B20B313F000E704B8 /* Main.storyboard */ = {
			isa = PBXVariantGroup;
			children = (
				2407286C20B313F000E704B8 /* Base */,
				047E831F20FA3A7D00EDD4B0 /* tr */,
			);
			name = Main.storyboard;
			sourceTree = "<group>";
		};
/* End PBXVariantGroup section */

/* Begin XCBuildConfiguration section */
		2407287020B313F000E704B8 /* Debug */ = {
			isa = XCBuildConfiguration;
			buildSettings = {
				ALWAYS_SEARCH_USER_PATHS = NO;
				CLANG_ANALYZER_LOCALIZABILITY_NONLOCALIZED = YES;
				CLANG_ANALYZER_NONNULL = YES;
				CLANG_ANALYZER_NUMBER_OBJECT_CONVERSION = YES_AGGRESSIVE;
				CLANG_CXX_LANGUAGE_STANDARD = "gnu++14";
				CLANG_CXX_LIBRARY = "libc++";
				CLANG_ENABLE_MODULES = YES;
				CLANG_ENABLE_OBJC_ARC = YES;
				CLANG_ENABLE_OBJC_WEAK = YES;
				CLANG_WARN_BLOCK_CAPTURE_AUTORELEASING = YES;
				CLANG_WARN_BOOL_CONVERSION = YES;
				CLANG_WARN_COMMA = YES;
				CLANG_WARN_CONSTANT_CONVERSION = YES;
				CLANG_WARN_DEPRECATED_OBJC_IMPLEMENTATIONS = YES;
				CLANG_WARN_DIRECT_OBJC_ISA_USAGE = YES_ERROR;
				CLANG_WARN_DOCUMENTATION_COMMENTS = YES;
				CLANG_WARN_EMPTY_BODY = YES;
				CLANG_WARN_ENUM_CONVERSION = YES;
				CLANG_WARN_INFINITE_RECURSION = YES;
				CLANG_WARN_INT_CONVERSION = YES;
				CLANG_WARN_NON_LITERAL_NULL_CONVERSION = YES;
				CLANG_WARN_OBJC_IMPLICIT_RETAIN_SELF = YES;
				CLANG_WARN_OBJC_LITERAL_CONVERSION = YES;
				CLANG_WARN_OBJC_ROOT_CLASS = YES_ERROR;
				CLANG_WARN_RANGE_LOOP_ANALYSIS = YES;
				CLANG_WARN_STRICT_PROTOTYPES = YES;
				CLANG_WARN_SUSPICIOUS_MOVE = YES;
				CLANG_WARN_UNGUARDED_AVAILABILITY = YES_AGGRESSIVE;
				CLANG_WARN_UNREACHABLE_CODE = YES;
				CLANG_WARN__DUPLICATE_METHOD_MATCH = YES;
				CODE_SIGN_IDENTITY = "Mac Developer";
				COPY_PHASE_STRIP = NO;
				DEBUG_INFORMATION_FORMAT = dwarf;
				ENABLE_STRICT_OBJC_MSGSEND = YES;
				ENABLE_TESTABILITY = YES;
				GCC_C_LANGUAGE_STANDARD = gnu11;
				GCC_DYNAMIC_NO_PIC = NO;
				GCC_NO_COMMON_BLOCKS = YES;
				GCC_OPTIMIZATION_LEVEL = 0;
				GCC_PREPROCESSOR_DEFINITIONS = (
					"DEBUG=1",
					"$(inherited)",
				);
				GCC_WARN_64_TO_32_BIT_CONVERSION = YES;
				GCC_WARN_ABOUT_RETURN_TYPE = YES_ERROR;
				GCC_WARN_UNDECLARED_SELECTOR = YES;
				GCC_WARN_UNINITIALIZED_AUTOS = YES_AGGRESSIVE;
				GCC_WARN_UNUSED_FUNCTION = YES;
				GCC_WARN_UNUSED_VARIABLE = YES;
				MACOSX_DEPLOYMENT_TARGET = 10.13;
				MTL_ENABLE_DEBUG_INFO = YES;
				ONLY_ACTIVE_ARCH = YES;
				SDKROOT = macosx;
				SWIFT_ACTIVE_COMPILATION_CONDITIONS = DEBUG;
				SWIFT_OPTIMIZATION_LEVEL = "-Onone";
			};
			name = Debug;
		};
		2407287120B313F000E704B8 /* Release */ = {
			isa = XCBuildConfiguration;
			buildSettings = {
				ALWAYS_SEARCH_USER_PATHS = NO;
				CLANG_ANALYZER_LOCALIZABILITY_NONLOCALIZED = YES;
				CLANG_ANALYZER_NONNULL = YES;
				CLANG_ANALYZER_NUMBER_OBJECT_CONVERSION = YES_AGGRESSIVE;
				CLANG_CXX_LANGUAGE_STANDARD = "gnu++14";
				CLANG_CXX_LIBRARY = "libc++";
				CLANG_ENABLE_MODULES = YES;
				CLANG_ENABLE_OBJC_ARC = YES;
				CLANG_ENABLE_OBJC_WEAK = YES;
				CLANG_WARN_BLOCK_CAPTURE_AUTORELEASING = YES;
				CLANG_WARN_BOOL_CONVERSION = YES;
				CLANG_WARN_COMMA = YES;
				CLANG_WARN_CONSTANT_CONVERSION = YES;
				CLANG_WARN_DEPRECATED_OBJC_IMPLEMENTATIONS = YES;
				CLANG_WARN_DIRECT_OBJC_ISA_USAGE = YES_ERROR;
				CLANG_WARN_DOCUMENTATION_COMMENTS = YES;
				CLANG_WARN_EMPTY_BODY = YES;
				CLANG_WARN_ENUM_CONVERSION = YES;
				CLANG_WARN_INFINITE_RECURSION = YES;
				CLANG_WARN_INT_CONVERSION = YES;
				CLANG_WARN_NON_LITERAL_NULL_CONVERSION = YES;
				CLANG_WARN_OBJC_IMPLICIT_RETAIN_SELF = YES;
				CLANG_WARN_OBJC_LITERAL_CONVERSION = YES;
				CLANG_WARN_OBJC_ROOT_CLASS = YES_ERROR;
				CLANG_WARN_RANGE_LOOP_ANALYSIS = YES;
				CLANG_WARN_STRICT_PROTOTYPES = YES;
				CLANG_WARN_SUSPICIOUS_MOVE = YES;
				CLANG_WARN_UNGUARDED_AVAILABILITY = YES_AGGRESSIVE;
				CLANG_WARN_UNREACHABLE_CODE = YES;
				CLANG_WARN__DUPLICATE_METHOD_MATCH = YES;
				CODE_SIGN_IDENTITY = "Mac Developer";
				COPY_PHASE_STRIP = NO;
				DEBUG_INFORMATION_FORMAT = "dwarf-with-dsym";
				ENABLE_NS_ASSERTIONS = NO;
				ENABLE_STRICT_OBJC_MSGSEND = YES;
				GCC_C_LANGUAGE_STANDARD = gnu11;
				GCC_NO_COMMON_BLOCKS = YES;
				GCC_WARN_64_TO_32_BIT_CONVERSION = YES;
				GCC_WARN_ABOUT_RETURN_TYPE = YES_ERROR;
				GCC_WARN_UNDECLARED_SELECTOR = YES;
				GCC_WARN_UNINITIALIZED_AUTOS = YES_AGGRESSIVE;
				GCC_WARN_UNUSED_FUNCTION = YES;
				GCC_WARN_UNUSED_VARIABLE = YES;
				MACOSX_DEPLOYMENT_TARGET = 10.13;
				MTL_ENABLE_DEBUG_INFO = NO;
				SDKROOT = macosx;
				SWIFT_COMPILATION_MODE = wholemodule;
				SWIFT_OPTIMIZATION_LEVEL = "-O";
			};
			name = Release;
		};
		2407287320B313F000E704B8 /* Debug */ = {
			isa = XCBuildConfiguration;
			buildSettings = {
				ASSETCATALOG_COMPILER_APPICON_NAME = AppIcon;
				CODE_SIGN_STYLE = Automatic;
				COMBINE_HIDPI_IMAGES = YES;
				DEVELOPMENT_TEAM = 345VKAJA5N;
				INFOPLIST_FILE = "JPG to HEIF Converter/Info.plist";
				LD_RUNPATH_SEARCH_PATHS = (
					"$(inherited)",
					"@executable_path/../Frameworks",
				);
				MACOSX_DEPLOYMENT_TARGET = 10.13;
				PRODUCT_BUNDLE_IDENTIFIER = "me.spaceinbox.JPG-to-HEIF-Converter";
				PRODUCT_NAME = "$(TARGET_NAME)";
				SWIFT_VERSION = 4.2;
			};
			name = Debug;
		};
		2407287420B313F000E704B8 /* Release */ = {
			isa = XCBuildConfiguration;
			buildSettings = {
				ASSETCATALOG_COMPILER_APPICON_NAME = AppIcon;
				CODE_SIGN_STYLE = Automatic;
				COMBINE_HIDPI_IMAGES = YES;
				DEVELOPMENT_TEAM = 345VKAJA5N;
				INFOPLIST_FILE = "JPG to HEIF Converter/Info.plist";
				LD_RUNPATH_SEARCH_PATHS = (
					"$(inherited)",
					"@executable_path/../Frameworks",
				);
				MACOSX_DEPLOYMENT_TARGET = 10.13;
				PRODUCT_BUNDLE_IDENTIFIER = "me.spaceinbox.JPG-to-HEIF-Converter";
				PRODUCT_NAME = "$(TARGET_NAME)";
				SWIFT_VERSION = 4.2;
			};
			name = Release;
		};
/* End XCBuildConfiguration section */

/* Begin XCConfigurationList section */
		2407285D20B313EE00E704B8 /* Build configuration list for PBXProject "JPG to HEIF Converter" */ = {
			isa = XCConfigurationList;
			buildConfigurations = (
				2407287020B313F000E704B8 /* Debug */,
				2407287120B313F000E704B8 /* Release */,
			);
			defaultConfigurationIsVisible = 0;
			defaultConfigurationName = Release;
		};
		2407287220B313F000E704B8 /* Build configuration list for PBXNativeTarget "JPG to HEIF Converter" */ = {
			isa = XCConfigurationList;
			buildConfigurations = (
				2407287320B313F000E704B8 /* Debug */,
				2407287420B313F000E704B8 /* Release */,
			);
			defaultConfigurationIsVisible = 0;
			defaultConfigurationName = Release;
		};
/* End XCConfigurationList section */
	};
	rootObject = 2407285A20B313EE00E704B8 /* Project object */;
}
